
Microsoft Visual Studio Solution File, Format Version 12.00
# Visual Studio 14
VisualStudioVersion = 14.0.25420.1
MinimumVisualStudioVersion = 10.0.40219.1
Project("{FAE04EC0-301F-11D3-BF4B-00C04F79EFBC}") = "FairRandomCycle", "FairRandomCycle\FairRandomCycle.csproj", "{BF4EB95F-33F7-45C3-BCD7-9DC706F664E1}"
EndProject
Project("{FAE04EC0-301F-11D3-BF4B-00C04F79EFBC}") = "FairScheduleCycle", "FairScheduleCycle\FairScheduleCycle.csproj", "{D2D56B97-3167-4B1F-A4D9-A3EB18687833}"
EndProject
Project("{FAE04EC0-301F-11D3-BF4B-00C04F79EFBC}") = "FalsePositive", "FalsePositive\FalsePositive.csproj", "{CFC150D8-E6B6-46EB-BE3F-224D0882BDA2}"
EndProject
Project("{FAE04EC0-301F-11D3-BF4B-00C04F79EFBC}") = "RandomInfinite", "RandomInfinite\RandomInfinite.csproj", "{9805E808-B805-41D5-AA52-66FC8B618240}"
EndProject
Project("{FAE04EC0-301F-11D3-BF4B-00C04F79EFBC}") = "PartialCachingLasso", "PartialCachingLasso\PartialCachingLasso.csproj", "{F557F1F7-2C40-4392-AF9D-C533F1FE6C6A}"
EndProject
Project("{FAE04EC0-301F-11D3-BF4B-00C04F79EFBC}") = "DeferredEvents", "DeferredEvents\DeferredEvents.csproj", "{84C96EF8-A386-4D6F-BAA1-CAB2836BFE1A}"
EndProject
Project("{FAE04EC0-301F-11D3-BF4B-00C04F79EFBC}") = "TransitiveBug", "TransitiveBug\TransitiveBug.csproj", "{F82AA64F-3703-4CB4-89F3-681CB80FA0D4}"
EndProject
Global
	GlobalSection(SolutionConfigurationPlatforms) = preSolution
		Debug|Any CPU = Debug|Any CPU
		Release|Any CPU = Release|Any CPU
	EndGlobalSection
	GlobalSection(ProjectConfigurationPlatforms) = postSolution
		{BF4EB95F-33F7-45C3-BCD7-9DC706F664E1}.Debug|Any CPU.ActiveCfg = Debug|Any CPU
		{BF4EB95F-33F7-45C3-BCD7-9DC706F664E1}.Debug|Any CPU.Build.0 = Debug|Any CPU
		{BF4EB95F-33F7-45C3-BCD7-9DC706F664E1}.Release|Any CPU.ActiveCfg = Release|Any CPU
		{BF4EB95F-33F7-45C3-BCD7-9DC706F664E1}.Release|Any CPU.Build.0 = Release|Any CPU
		{D2D56B97-3167-4B1F-A4D9-A3EB18687833}.Debug|Any CPU.ActiveCfg = Debug|Any CPU
		{D2D56B97-3167-4B1F-A4D9-A3EB18687833}.Debug|Any CPU.Build.0 = Debug|Any CPU
		{D2D56B97-3167-4B1F-A4D9-A3EB18687833}.Release|Any CPU.ActiveCfg = Release|Any CPU
		{D2D56B97-3167-4B1F-A4D9-A3EB18687833}.Release|Any CPU.Build.0 = Release|Any CPU
		{CFC150D8-E6B6-46EB-BE3F-224D0882BDA2}.Debug|Any CPU.ActiveCfg = Debug|Any CPU
		{CFC150D8-E6B6-46EB-BE3F-224D0882BDA2}.Debug|Any CPU.Build.0 = Debug|Any CPU
		{CFC150D8-E6B6-46EB-BE3F-224D0882BDA2}.Release|Any CPU.ActiveCfg = Release|Any CPU
		{CFC150D8-E6B6-46EB-BE3F-224D0882BDA2}.Release|Any CPU.Build.0 = Release|Any CPU
		{9805E808-B805-41D5-AA52-66FC8B618240}.Debug|Any CPU.ActiveCfg = Debug|Any CPU
		{9805E808-B805-41D5-AA52-66FC8B618240}.Debug|Any CPU.Build.0 = Debug|Any CPU
		{9805E808-B805-41D5-AA52-66FC8B618240}.Release|Any CPU.ActiveCfg = Release|Any CPU
		{9805E808-B805-41D5-AA52-66FC8B618240}.Release|Any CPU.Build.0 = Release|Any CPU
		{F557F1F7-2C40-4392-AF9D-C533F1FE6C6A}.Debug|Any CPU.ActiveCfg = Debug|Any CPU
		{F557F1F7-2C40-4392-AF9D-C533F1FE6C6A}.Debug|Any CPU.Build.0 = Debug|Any CPU
		{F557F1F7-2C40-4392-AF9D-C533F1FE6C6A}.Release|Any CPU.ActiveCfg = Release|Any CPU
		{F557F1F7-2C40-4392-AF9D-C533F1FE6C6A}.Release|Any CPU.Build.0 = Release|Any CPU
		{84C96EF8-A386-4D6F-BAA1-CAB2836BFE1A}.Debug|Any CPU.ActiveCfg = Debug|Any CPU
		{84C96EF8-A386-4D6F-BAA1-CAB2836BFE1A}.Debug|Any CPU.Build.0 = Debug|Any CPU
		{84C96EF8-A386-4D6F-BAA1-CAB2836BFE1A}.Release|Any CPU.ActiveCfg = Release|Any CPU
		{84C96EF8-A386-4D6F-BAA1-CAB2836BFE1A}.Release|Any CPU.Build.0 = Release|Any CPU
		{F82AA64F-3703-4CB4-89F3-681CB80FA0D4}.Debug|Any CPU.ActiveCfg = Debug|Any CPU
		{F82AA64F-3703-4CB4-89F3-681CB80FA0D4}.Debug|Any CPU.Build.0 = Debug|Any CPU
		{F82AA64F-3703-4CB4-89F3-681CB80FA0D4}.Release|Any CPU.ActiveCfg = Release|Any CPU
		{F82AA64F-3703-4CB4-89F3-681CB80FA0D4}.Release|Any CPU.Build.0 = Release|Any CPU
	EndGlobalSection
	GlobalSection(SolutionProperties) = preSolution
		HideSolutionNode = FALSE
	EndGlobalSection
EndGlobal
