
Microsoft Visual Studio Solution File, Format Version 12.00
# Visual Studio 14
VisualStudioVersion = 14.0.25420.1
MinimumVisualStudioVersion = 10.0.40219.1
Project("{FAE04EC0-301F-11D3-BF4B-00C04F79EFBC}") = "Chord", "Chord\Chord.csproj", "{71F4A122-D5A6-4F90-B288-A1B44A8A34BE}"
EndProject
Project("{FAE04EC0-301F-11D3-BF4B-00C04F79EFBC}") = "ReplicatingStorage", "ReplicatingStorage\ReplicatingStorage.csproj", "{2899D1E9-DB93-41C7-A96A-CB62430C711F}"
EndProject
Project("{FAE04EC0-301F-11D3-BF4B-00C04F79EFBC}") = "Raft", "Raft\Raft.csproj", "{CA60D43F-C348-4C79-9E4B-29364FFEFA78}"
EndProject
Project("{FAE04EC0-301F-11D3-BF4B-00C04F79EFBC}") = "RaftInfinite", "RaftInfinite\RaftInfinite.csproj", "{F22B1EA4-24D0-4D65-985D-EB89B704B7B4}"
EndProject
Project("{FAE04EC0-301F-11D3-BF4B-00C04F79EFBC}") = "ReproPSharp", "ReproPSharp\ReproPSharp.csproj", "{311650EB-56E9-42CA-AB51-ECBD53DEFA77}"
EndProject
Project("{FAE04EC0-301F-11D3-BF4B-00C04F79EFBC}") = "ReplStor", "ReplStor\ReplStor.csproj", "{BB62F218-4027-4BEE-BD30-F0D6A63BB788}"
EndProject
Project("{FAE04EC0-301F-11D3-BF4B-00C04F79EFBC}") = "vNextRepro", "vNextRepro\vNextRepro.csproj", "{44A015D2-61A7-46D5-A44B-DA100491A3B7}"
EndProject
Project("{FAE04EC0-301F-11D3-BF4B-00C04F79EFBC}") = "LassoExample", "LassoExample\LassoExample.csproj", "{0568924A-381D-46FE-9569-C34274964C6E}"
EndProject
Project("{FAE04EC0-301F-11D3-BF4B-00C04F79EFBC}") = "AnotherLassoExample", "AnotherLassoExample\AnotherLassoExample.csproj", "{92F8885C-619B-469A-88BE-EB8681DFBBCB}"
EndProject
Project("{FAE04EC0-301F-11D3-BF4B-00C04F79EFBC}") = "FairRandomCycle", "FairRandomCycle\FairRandomCycle.csproj", "{BF4EB95F-33F7-45C3-BCD7-9DC706F664E1}"
EndProject
Global
	GlobalSection(SolutionConfigurationPlatforms) = preSolution
		Debug|Any CPU = Debug|Any CPU
		Release|Any CPU = Release|Any CPU
	EndGlobalSection
	GlobalSection(ProjectConfigurationPlatforms) = postSolution
		{71F4A122-D5A6-4F90-B288-A1B44A8A34BE}.Debug|Any CPU.ActiveCfg = Debug|Any CPU
		{71F4A122-D5A6-4F90-B288-A1B44A8A34BE}.Debug|Any CPU.Build.0 = Debug|Any CPU
		{71F4A122-D5A6-4F90-B288-A1B44A8A34BE}.Release|Any CPU.ActiveCfg = Release|Any CPU
		{71F4A122-D5A6-4F90-B288-A1B44A8A34BE}.Release|Any CPU.Build.0 = Release|Any CPU
		{2899D1E9-DB93-41C7-A96A-CB62430C711F}.Debug|Any CPU.ActiveCfg = Debug|Any CPU
		{2899D1E9-DB93-41C7-A96A-CB62430C711F}.Debug|Any CPU.Build.0 = Debug|Any CPU
		{2899D1E9-DB93-41C7-A96A-CB62430C711F}.Release|Any CPU.ActiveCfg = Release|Any CPU
		{2899D1E9-DB93-41C7-A96A-CB62430C711F}.Release|Any CPU.Build.0 = Release|Any CPU
		{CA60D43F-C348-4C79-9E4B-29364FFEFA78}.Debug|Any CPU.ActiveCfg = Debug|Any CPU
		{CA60D43F-C348-4C79-9E4B-29364FFEFA78}.Debug|Any CPU.Build.0 = Debug|Any CPU
		{CA60D43F-C348-4C79-9E4B-29364FFEFA78}.Release|Any CPU.ActiveCfg = Release|Any CPU
		{CA60D43F-C348-4C79-9E4B-29364FFEFA78}.Release|Any CPU.Build.0 = Release|Any CPU
		{F22B1EA4-24D0-4D65-985D-EB89B704B7B4}.Debug|Any CPU.ActiveCfg = Debug|Any CPU
		{F22B1EA4-24D0-4D65-985D-EB89B704B7B4}.Debug|Any CPU.Build.0 = Debug|Any CPU
		{F22B1EA4-24D0-4D65-985D-EB89B704B7B4}.Release|Any CPU.ActiveCfg = Release|Any CPU
		{F22B1EA4-24D0-4D65-985D-EB89B704B7B4}.Release|Any CPU.Build.0 = Release|Any CPU
		{311650EB-56E9-42CA-AB51-ECBD53DEFA77}.Debug|Any CPU.ActiveCfg = Debug|Any CPU
		{311650EB-56E9-42CA-AB51-ECBD53DEFA77}.Debug|Any CPU.Build.0 = Debug|Any CPU
		{311650EB-56E9-42CA-AB51-ECBD53DEFA77}.Release|Any CPU.ActiveCfg = Release|Any CPU
		{311650EB-56E9-42CA-AB51-ECBD53DEFA77}.Release|Any CPU.Build.0 = Release|Any CPU
		{BB62F218-4027-4BEE-BD30-F0D6A63BB788}.Debug|Any CPU.ActiveCfg = Debug|Any CPU
		{BB62F218-4027-4BEE-BD30-F0D6A63BB788}.Debug|Any CPU.Build.0 = Debug|Any CPU
		{BB62F218-4027-4BEE-BD30-F0D6A63BB788}.Release|Any CPU.ActiveCfg = Release|Any CPU
		{BB62F218-4027-4BEE-BD30-F0D6A63BB788}.Release|Any CPU.Build.0 = Release|Any CPU
		{44A015D2-61A7-46D5-A44B-DA100491A3B7}.Debug|Any CPU.ActiveCfg = Debug|Any CPU
		{44A015D2-61A7-46D5-A44B-DA100491A3B7}.Debug|Any CPU.Build.0 = Debug|Any CPU
		{44A015D2-61A7-46D5-A44B-DA100491A3B7}.Release|Any CPU.ActiveCfg = Release|Any CPU
		{44A015D2-61A7-46D5-A44B-DA100491A3B7}.Release|Any CPU.Build.0 = Release|Any CPU
		{0568924A-381D-46FE-9569-C34274964C6E}.Debug|Any CPU.ActiveCfg = Debug|Any CPU
		{0568924A-381D-46FE-9569-C34274964C6E}.Debug|Any CPU.Build.0 = Debug|Any CPU
		{0568924A-381D-46FE-9569-C34274964C6E}.Release|Any CPU.ActiveCfg = Release|Any CPU
		{0568924A-381D-46FE-9569-C34274964C6E}.Release|Any CPU.Build.0 = Release|Any CPU
		{92F8885C-619B-469A-88BE-EB8681DFBBCB}.Debug|Any CPU.ActiveCfg = Debug|Any CPU
		{92F8885C-619B-469A-88BE-EB8681DFBBCB}.Debug|Any CPU.Build.0 = Debug|Any CPU
		{92F8885C-619B-469A-88BE-EB8681DFBBCB}.Release|Any CPU.ActiveCfg = Release|Any CPU
		{92F8885C-619B-469A-88BE-EB8681DFBBCB}.Release|Any CPU.Build.0 = Release|Any CPU
		{BF4EB95F-33F7-45C3-BCD7-9DC706F664E1}.Debug|Any CPU.ActiveCfg = Debug|Any CPU
		{BF4EB95F-33F7-45C3-BCD7-9DC706F664E1}.Debug|Any CPU.Build.0 = Debug|Any CPU
		{BF4EB95F-33F7-45C3-BCD7-9DC706F664E1}.Release|Any CPU.ActiveCfg = Release|Any CPU
		{BF4EB95F-33F7-45C3-BCD7-9DC706F664E1}.Release|Any CPU.Build.0 = Release|Any CPU
	EndGlobalSection
	GlobalSection(SolutionProperties) = preSolution
		HideSolutionNode = FALSE
	EndGlobalSection
EndGlobal
